<?xml version="1.0" encoding="utf-8"?>
<Project ToolsVersion="4.0" xmlns="http://schemas.microsoft.com/developer/msbuild/2003">
  <ItemGroup>
    <Filter Include="Header Files">
      <UniqueIdentifier>{fbe4e8da-f714-4df0-b8b2-7a2823055607}</UniqueIdentifier>
    </Filter>
    <Filter Include="Source Files">
      <UniqueIdentifier>{b89d477d-3d7e-44da-a994-d2bed13d3d8b}</UniqueIdentifier>
    </Filter>
    <Filter Include="Build Scripts">
      <UniqueIdentifier>{c666b3bd-e50c-4e23-ac0e-9d17f813c0da}</UniqueIdentifier>
    </Filter>
    <Filter Include="Source Files\lib">
      <UniqueIdentifier>{bc798e07-649c-40b9-a40f-f6e543a616db}</UniqueIdentifier>
    </Filter>
  </ItemGroup>
  <ItemGroup>
    <None Include="..\..\..\ultimateii-dos-lib-master\build.bat">
      <Filter>Build Scripts</Filter>
    </None>
  </ItemGroup>
  <ItemGroup>
    <ClCompile Include="..\..\src\lib\ultimate_lib_net.c">
      <Filter>Source Files\lib</Filter>
    </ClCompile>
    <ClCompile Include="..\..\src\u-rogueclient.c">
      <Filter>Source Files</Filter>
    </ClCompile>
  </ItemGroup>
  <ItemGroup>
    <ClInclude Include="..\..\src\lib\ultimate_lib_net.h">
      <Filter>Header Files</Filter>
    </ClInclude>
  </ItemGroup>
</Project>